
Microsoft Visual Studio Solution File, Format Version 12.00
# Visual Studio Version 16
VisualStudioVersion = 16.0.31205.134
MinimumVisualStudioVersion = 10.0.40219.1
Project("{FAE04EC0-301F-11D3-BF4B-00C04F79EFBC}") = "MlsaGreenathon.Api", "MlsaGreenathon.Api\MlsaGreenathon.Api.csproj", "{91E3D4BB-31A9-45E9-A0A6-4241888DC740}"
EndProject
Global
	GlobalSection(SolutionConfigurationPlatforms) = preSolution
		Debug|Any CPU = Debug|Any CPU
		Release|Any CPU = Release|Any CPU
	EndGlobalSection
	GlobalSection(ProjectConfigurationPlatforms) = postSolution
		{91E3D4BB-31A9-45E9-A0A6-4241888DC740}.Debug|Any CPU.ActiveCfg = Debug|Any CPU
		{91E3D4BB-31A9-45E9-A0A6-4241888DC740}.Debug|Any CPU.Build.0 = Debug|Any CPU
		{91E3D4BB-31A9-45E9-A0A6-4241888DC740}.Release|Any CPU.ActiveCfg = Release|Any CPU
		{91E3D4BB-31A9-45E9-A0A6-4241888DC740}.Release|Any CPU.Build.0 = Release|Any CPU
	EndGlobalSection
	GlobalSection(SolutionProperties) = preSolution
		HideSolutionNode = FALSE
	EndGlobalSection
	GlobalSection(ExtensibilityGlobals) = postSolution
		SolutionGuid = {1ACF20BD-909B-4282-8650-AD0F318C3417}
	EndGlobalSection
EndGlobal
